
Microsoft Visual Studio Solution File, Format Version 12.00
Project("{FAE04EC0-301F-11D3-BF4B-00C04F79EFBC}") = "AbrApi", "AbrApi\AbrApi.csproj", "{658933BF-D06C-4EAD-B84E-FE506BF51A0C}"
EndProject
Project("{FAE04EC0-301F-11D3-BF4B-00C04F79EFBC}") = "AbrApi.Tests", "AbrApi.Tests\AbrApi.Tests.csproj", "{CC9400BC-9AB1-4DEB-9D79-0E8626F5DC71}"
EndProject
Global
	GlobalSection(SolutionConfigurationPlatforms) = preSolution
		Debug|Any CPU = Debug|Any CPU
		Release|Any CPU = Release|Any CPU
	EndGlobalSection
	GlobalSection(ProjectConfigurationPlatforms) = postSolution
		{658933BF-D06C-4EAD-B84E-FE506BF51A0C}.Debug|Any CPU.ActiveCfg = Debug|Any CPU
		{658933BF-D06C-4EAD-B84E-FE506BF51A0C}.Debug|Any CPU.Build.0 = Debug|Any CPU
		{658933BF-D06C-4EAD-B84E-FE506BF51A0C}.Release|Any CPU.ActiveCfg = Release|Any CPU
		{658933BF-D06C-4EAD-B84E-FE506BF51A0C}.Release|Any CPU.Build.0 = Release|Any CPU
		{CC9400BC-9AB1-4DEB-9D79-0E8626F5DC71}.Debug|Any CPU.ActiveCfg = Debug|Any CPU
		{CC9400BC-9AB1-4DEB-9D79-0E8626F5DC71}.Debug|Any CPU.Build.0 = Debug|Any CPU
		{CC9400BC-9AB1-4DEB-9D79-0E8626F5DC71}.Release|Any CPU.ActiveCfg = Release|Any CPU
		{CC9400BC-9AB1-4DEB-9D79-0E8626F5DC71}.Release|Any CPU.Build.0 = Release|Any CPU
	EndGlobalSection
EndGlobal
